
Microsoft Visual Studio Solution File, Format Version 12.00
# Visual Studio Version 17
VisualStudioVersion = 17.2.32630.192
MinimumVisualStudioVersion = 10.0.40219.1
Project("{FAE04EC0-301F-11D3-BF4B-00C04F79EFBC}") = "i want to become a progammer", "i want to become a progammer.csproj", "{CF4859C3-8B43-4049-AFAF-0E891D61FD18}"
EndProject
Global
	GlobalSection(SolutionConfigurationPlatforms) = preSolution
		Debug|Any CPU = Debug|Any CPU
		Release|Any CPU = Release|Any CPU
	EndGlobalSection
	GlobalSection(ProjectConfigurationPlatforms) = postSolution
		{CF4859C3-8B43-4049-AFAF-0E891D61FD18}.Debug|Any CPU.ActiveCfg = Debug|Any CPU
		{CF4859C3-8B43-4049-AFAF-0E891D61FD18}.Debug|Any CPU.Build.0 = Debug|Any CPU
		{CF4859C3-8B43-4049-AFAF-0E891D61FD18}.Release|Any CPU.ActiveCfg = Release|Any CPU
		{CF4859C3-8B43-4049-AFAF-0E891D61FD18}.Release|Any CPU.Build.0 = Release|Any CPU
	EndGlobalSection
	GlobalSection(SolutionProperties) = preSolution
		HideSolutionNode = FALSE
	EndGlobalSection
	GlobalSection(ExtensibilityGlobals) = postSolution
		SolutionGuid = {999E43CB-6B02-4DB6-B015-E9EF11FA3CC5}
	EndGlobalSection
EndGlobal
